Microsoft Visual Studio Solution File, Format Version 12.00
# Visual Studio Version 17
VisualStudioVersion = 17.5.2.0
MinimumVisualStudioVersion = 10.0.40219.1
Project("{FAE04EC0-301F-11D3-BF4B-00C04F79EFBC}") = "Kaafi.DeviceMonitor", "Kaafi.DeviceMonitor\Kaafi.DeviceMonitor.csproj", "{62C53B73-08C0-5378-0827-846880535D63}"
EndProject
Global
	GlobalSection(SolutionConfigurationPlatforms) = preSolution
		Debug|Any CPU = Debug|Any CPU
		Release|Any CPU = Release|Any CPU
	EndGlobalSection
	GlobalSection(ProjectConfigurationPlatforms) = postSolution
		{62C53B73-08C0-5378-0827-846880535D63}.Debug|Any CPU.ActiveCfg = Debug|Any CPU
		{62C53B73-08C0-5378-0827-846880535D63}.Debug|Any CPU.Build.0 = Debug|Any CPU
		{62C53B73-08C0-5378-0827-846880535D63}.Release|Any CPU.ActiveCfg = Release|Any CPU
		{62C53B73-08C0-5378-0827-846880535D63}.Release|Any CPU.Build.0 = Release|Any CPU
	EndGlobalSection
	GlobalSection(SolutionProperties) = preSolution
		HideSolutionNode = FALSE
	EndGlobalSection
	GlobalSection(ExtensibilityGlobals) = postSolution
		SolutionGuid = {F90927AC-C46E-4CFD-BB72-B0B5D08F4293}
	EndGlobalSection
EndGlobal
