
Microsoft Visual Studio Solution File, Format Version 12.00
# Visual Studio Version 17
VisualStudioVersion = 17.5.2.0
MinimumVisualStudioVersion = 10.0.40219.1
Project("{FAE04EC0-301F-11D3-BF4B-00C04F79EFBC}") = "Kaafi.DeviceMonitor", "Kaafi.DeviceMonitor.csproj", "{3411F309-AC3C-6E04-28FF-99E9105B3776}"
EndProject
Project("{FAE04EC0-301F-11D3-BF4B-00C04F79EFBC}") = "Kaafi.DeviceMonitor.Tests", "Kaafi.DeviceMonitor.Tests\Kaafi.DeviceMonitor.Tests.csproj", "{40CDCEEE-B9A9-48E8-B40A-1EA8328DBC02}"
EndProject
Global
	GlobalSection(SolutionConfigurationPlatforms) = preSolution
		Debug|Any CPU = Debug|Any CPU
		Debug|x64 = Debug|x64
		Debug|x86 = Debug|x86
		Release|Any CPU = Release|Any CPU
		Release|x64 = Release|x64
		Release|x86 = Release|x86
	EndGlobalSection
	GlobalSection(ProjectConfigurationPlatforms) = postSolution
		{3411F309-AC3C-6E04-28FF-99E9105B3776}.Debug|Any CPU.ActiveCfg = Debug|Any CPU
		{3411F309-AC3C-6E04-28FF-99E9105B3776}.Debug|Any CPU.Build.0 = Debug|Any CPU
		{3411F309-AC3C-6E04-28FF-99E9105B3776}.Debug|x64.ActiveCfg = Debug|Any CPU
		{3411F309-AC3C-6E04-28FF-99E9105B3776}.Debug|x64.Build.0 = Debug|Any CPU
		{3411F309-AC3C-6E04-28FF-99E9105B3776}.Debug|x86.ActiveCfg = Debug|Any CPU
		{3411F309-AC3C-6E04-28FF-99E9105B3776}.Debug|x86.Build.0 = Debug|Any CPU
		{3411F309-AC3C-6E04-28FF-99E9105B3776}.Release|Any CPU.ActiveCfg = Release|Any CPU
		{3411F309-AC3C-6E04-28FF-99E9105B3776}.Release|Any CPU.Build.0 = Release|Any CPU
		{3411F309-AC3C-6E04-28FF-99E9105B3776}.Release|x64.ActiveCfg = Release|Any CPU
		{3411F309-AC3C-6E04-28FF-99E9105B3776}.Release|x64.Build.0 = Release|Any CPU
		{3411F309-AC3C-6E04-28FF-99E9105B3776}.Release|x86.ActiveCfg = Release|Any CPU
		{3411F309-AC3C-6E04-28FF-99E9105B3776}.Release|x86.Build.0 = Release|Any CPU
		{40CDCEEE-B9A9-48E8-B40A-1EA8328DBC02}.Debug|Any CPU.ActiveCfg = Debug|Any CPU
		{40CDCEEE-B9A9-48E8-B40A-1EA8328DBC02}.Debug|Any CPU.Build.0 = Debug|Any CPU
		{40CDCEEE-B9A9-48E8-B40A-1EA8328DBC02}.Debug|x64.ActiveCfg = Debug|Any CPU
		{40CDCEEE-B9A9-48E8-B40A-1EA8328DBC02}.Debug|x64.Build.0 = Debug|Any CPU
		{40CDCEEE-B9A9-48E8-B40A-1EA8328DBC02}.Debug|x86.ActiveCfg = Debug|Any CPU
		{40CDCEEE-B9A9-48E8-B40A-1EA8328DBC02}.Debug|x86.Build.0 = Debug|Any CPU
		{40CDCEEE-B9A9-48E8-B40A-1EA8328DBC02}.Release|Any CPU.ActiveCfg = Release|Any CPU
		{40CDCEEE-B9A9-48E8-B40A-1EA8328DBC02}.Release|Any CPU.Build.0 = Release|Any CPU
		{40CDCEEE-B9A9-48E8-B40A-1EA8328DBC02}.Release|x64.ActiveCfg = Release|Any CPU
		{40CDCEEE-B9A9-48E8-B40A-1EA8328DBC02}.Release|x64.Build.0 = Release|Any CPU
		{40CDCEEE-B9A9-48E8-B40A-1EA8328DBC02}.Release|x86.ActiveCfg = Release|Any CPU
		{40CDCEEE-B9A9-48E8-B40A-1EA8328DBC02}.Release|x86.Build.0 = Release|Any CPU
	EndGlobalSection
	GlobalSection(SolutionProperties) = preSolution
		HideSolutionNode = FALSE
	EndGlobalSection
	GlobalSection(ExtensibilityGlobals) = postSolution
		SolutionGuid = {552236E3-71CC-4FE6-893C-82E48C85568F}
	EndGlobalSection
EndGlobal
